
Microsoft Visual Studio Solution File, Format Version 12.00
# Visual Studio Version 17
VisualStudioVersion = 17.1.32210.238
MinimumVisualStudioVersion = 10.0.40219.1
Project("{FAE04EC0-301F-11D3-BF4B-00C04F79EFBC}") = "ResponsiPemrograman4455", "ResponsiPemrograman4455\ResponsiPemrograman4455.csproj", "{13BEC0A3-2E59-4895-9CB9-3C78A47CCB0B}"
EndProject
Global
	GlobalSection(SolutionConfigurationPlatforms) = preSolution
		Debug|Any CPU = Debug|Any CPU
		Release|Any CPU = Release|Any CPU
	EndGlobalSection
	GlobalSection(ProjectConfigurationPlatforms) = postSolution
		{13BEC0A3-2E59-4895-9CB9-3C78A47CCB0B}.Debug|Any CPU.ActiveCfg = Debug|Any CPU
		{13BEC0A3-2E59-4895-9CB9-3C78A47CCB0B}.Debug|Any CPU.Build.0 = Debug|Any CPU
		{13BEC0A3-2E59-4895-9CB9-3C78A47CCB0B}.Release|Any CPU.ActiveCfg = Release|Any CPU
		{13BEC0A3-2E59-4895-9CB9-3C78A47CCB0B}.Release|Any CPU.Build.0 = Release|Any CPU
	EndGlobalSection
	GlobalSection(SolutionProperties) = preSolution
		HideSolutionNode = FALSE
	EndGlobalSection
	GlobalSection(ExtensibilityGlobals) = postSolution
		SolutionGuid = {1B103C3B-8936-4930-B91E-8EAA0B2958C1}
	EndGlobalSection
EndGlobal
